<Solution>
  <Folder Name="/EurSuRA-kb/">
    <File Path="README.md" />
    <File Path="CHANGELOG.md" />
    <File Path="mkdocs.yml" />
    <File Path="hooks.py" />
    <File Path=".gitignore" />
    <Folder Name="/EurSuRA-kb/config/">
      <File Path="config\kb.yaml" />
    </Folder>
    <Folder Name="/EurSuRA-kb/docs/">
      <File Path="docs\index.md" />
      <File Path="docs\glossary.md" />
      <File Path="docs\cross-reference-matrix.md" />
      <Folder Name="/EurSuRA-kb/docs/standards/">
        <File Path="docs\standards\esrs\index.md" />
        <File Path="docs\standards\csrd\index.md" />
        <File Path="docs\standards\eu-taxonomy\index.md" />
        <File Path="docs\standards\vsme\index.md" />
        <File Path="docs\standards\ghg-protocol\index.md" />
      </Folder>
      <Folder Name="/EurSuRA-kb/docs/frameworks/">
        <File Path="docs\frameworks\un-sdgs\index.md" />
        <File Path="docs\frameworks\gri\index.md" />
        <File Path="docs\frameworks\tcfd\index.md" />
      </Folder>
      <Folder Name="/EurSuRA-kb/docs/models/">
        <File Path="docs\models\semantic-model.md" />
        <File Path="docs\models\concept-map.md" />
        <File Path="docs\models\ontology.md" />
      </Folder>
      <Folder Name="/EurSuRA-kb/docs/reports/">
        <File Path="docs\reports\2025\index.md" />
        <File Path="docs\reports\2026\index.md" />
        <File Path="docs\reports\2026\6-esg-reporting-frameworks.md" />
        <File Path="docs\reports\2026\due-diligence-in-6-stappen-nl-sep2021.md" />
        <File Path="docs\reports\2026\esg-business-handbook.md" />
        <File Path="docs\reports\2026\jrc144121_01.md" />
        <File Path="docs\reports\2026\webinar-vsme---marlou-duchateau-en-esther-roelofsen.md" />
      </Folder>
    </Folder>
    <Folder Name="/EurSuRA-kb/logs/">
      <File Path="logs\ingestion.log" />
      <File Path="logs\enrichment.log" />
      <File Path="logs\changes.log" />
    </Folder>
  </Folder>
  <Folder Name="/kb-framework/">
    <Folder Name="/kb-framework/pipeline/">
      <File Path="..\kb-framework\pipeline\ingest.py" />
      <File Path="..\kb-framework\pipeline\rebuild.py" />
      <File Path="..\kb-framework\pipeline\query.py" />
    </Folder>
    <Folder Name="/kb-framework/agents/">
      <File Path="..\kb-framework\agents\wikipedia-style.md" />
      <File Path="..\kb-framework\agents\tagger.md" />
      <File Path="..\kb-framework\agents\summarizer.md" />
      <File Path="..\kb-framework\agents\term-enricher.md" />
      <File Path="..\kb-framework\agents\cross-ref-finder.md" />
      <File Path="..\kb-framework\agents\model-builder.md" />
    </Folder>
    <Folder Name="/kb-framework/rules/">
      <File Path="..\kb-framework\rules\writing-style.md" />
      <File Path="..\kb-framework\rules\tagging.md" />
      <File Path="..\kb-framework\rules\term-definition.md" />
      <File Path="..\kb-framework\rules\cross-referencing.md" />
      <File Path="..\kb-framework\rules\quality-checklist.md" />
    </Folder>
    <Folder Name="/kb-framework/schemas/">
      <File Path="..\kb-framework\schemas\standard.yaml" />
      <File Path="..\kb-framework\schemas\report.yaml" />
      <File Path="..\kb-framework\schemas\term.yaml" />
    </Folder>
  </Folder>
</Solution>
